
Microsoft Visual Studio Solution File, Format Version 12.00
# Visual Studio Version 17
VisualStudioVersion = 17.1.32414.318
MinimumVisualStudioVersion = 10.0.40219.1
Project("{FAE04EC0-301F-11D3-BF4B-00C04F79EFBC}") = "TC_Core", "TC_Core\TC_Core.csproj", "{283B415E-A252-40DE-888C-0CE70BA5A4DE}"
EndProject
Project("{FAE04EC0-301F-11D3-BF4B-00C04F79EFBC}") = "ProbardorCore", "ProbardorCore\ProbardorCore.csproj", "{A7857711-0B36-47AB-B8C7-B6665A05FE51}"
	ProjectSection(ProjectDependencies) = postProject
		{283B415E-A252-40DE-888C-0CE70BA5A4DE} = {283B415E-A252-40DE-888C-0CE70BA5A4DE}
	EndProjectSection
EndProject
Project("{FAE04EC0-301F-11D3-BF4B-00C04F79EFBC}") = "CapaIntegracion", "CapaIntegracion\CapaIntegracion.csproj", "{B7E59DB5-62CE-4049-B1D1-E9AE15A73604}"
	ProjectSection(ProjectDependencies) = postProject
		{283B415E-A252-40DE-888C-0CE70BA5A4DE} = {283B415E-A252-40DE-888C-0CE70BA5A4DE}
	EndProjectSection
EndProject
Global
	GlobalSection(SolutionConfigurationPlatforms) = preSolution
		Debug|Any CPU = Debug|Any CPU
		Release|Any CPU = Release|Any CPU
	EndGlobalSection
	GlobalSection(ProjectConfigurationPlatforms) = postSolution
		{283B415E-A252-40DE-888C-0CE70BA5A4DE}.Debug|Any CPU.ActiveCfg = Debug|Any CPU
		{283B415E-A252-40DE-888C-0CE70BA5A4DE}.Debug|Any CPU.Build.0 = Debug|Any CPU
		{283B415E-A252-40DE-888C-0CE70BA5A4DE}.Release|Any CPU.ActiveCfg = Release|Any CPU
		{283B415E-A252-40DE-888C-0CE70BA5A4DE}.Release|Any CPU.Build.0 = Release|Any CPU
		{A7857711-0B36-47AB-B8C7-B6665A05FE51}.Debug|Any CPU.ActiveCfg = Debug|Any CPU
		{A7857711-0B36-47AB-B8C7-B6665A05FE51}.Debug|Any CPU.Build.0 = Debug|Any CPU
		{A7857711-0B36-47AB-B8C7-B6665A05FE51}.Release|Any CPU.ActiveCfg = Release|Any CPU
		{A7857711-0B36-47AB-B8C7-B6665A05FE51}.Release|Any CPU.Build.0 = Release|Any CPU
		{B7E59DB5-62CE-4049-B1D1-E9AE15A73604}.Debug|Any CPU.ActiveCfg = Debug|Any CPU
		{B7E59DB5-62CE-4049-B1D1-E9AE15A73604}.Debug|Any CPU.Build.0 = Debug|Any CPU
		{B7E59DB5-62CE-4049-B1D1-E9AE15A73604}.Release|Any CPU.ActiveCfg = Release|Any CPU
		{B7E59DB5-62CE-4049-B1D1-E9AE15A73604}.Release|Any CPU.Build.0 = Release|Any CPU
	EndGlobalSection
	GlobalSection(SolutionProperties) = preSolution
		HideSolutionNode = FALSE
	EndGlobalSection
	GlobalSection(ExtensibilityGlobals) = postSolution
		SolutionGuid = {1C900602-90A5-4584-B142-08EDB1ACED95}
	EndGlobalSection
EndGlobal
